
Microsoft Visual Studio Solution File, Format Version 12.00
# Visual Studio Version 16
VisualStudioVersion = 16.0.30717.126
MinimumVisualStudioVersion = 10.0.40219.1
Project("{9A19103F-16F7-4668-BE54-9A1E7A4F7556}") = "Answer1_DataDriven", "Answer1_DataDriven\Answer1_DataDriven.csproj", "{E39690A1-A7E4-4429-8AE2-A01CC66CD701}"
EndProject
Project("{9A19103F-16F7-4668-BE54-9A1E7A4F7556}") = "Answer1_Polymorphism", "Answer1_Polymorphism\Answer1_Polymorphism.csproj", "{6C84E3A8-E3CB-4BEB-986A-00703BEAF7AB}"
EndProject
Project("{9A19103F-16F7-4668-BE54-9A1E7A4F7556}") = "Common", "Common\Common.csproj", "{87F1BDA0-5265-4EA0-902C-3749C4BED1D5}"
EndProject
Project("{9A19103F-16F7-4668-BE54-9A1E7A4F7556}") = "Answer2", "Answer2\Answer2.csproj", "{34F10DF8-9FCE-4527-9BC7-ECF13ABA9BC5}"
EndProject
Project("{FAE04EC0-301F-11D3-BF4B-00C04F79EFBC}") = "Answer3", "Answer3\Answer3.csproj", "{CD47B820-790E-4370-B139-8DD3310D6865}"
EndProject
Global
	GlobalSection(SolutionConfigurationPlatforms) = preSolution
		Debug|Any CPU = Debug|Any CPU
		Release|Any CPU = Release|Any CPU
	EndGlobalSection
	GlobalSection(ProjectConfigurationPlatforms) = postSolution
		{E39690A1-A7E4-4429-8AE2-A01CC66CD701}.Debug|Any CPU.ActiveCfg = Debug|Any CPU
		{E39690A1-A7E4-4429-8AE2-A01CC66CD701}.Debug|Any CPU.Build.0 = Debug|Any CPU
		{E39690A1-A7E4-4429-8AE2-A01CC66CD701}.Release|Any CPU.ActiveCfg = Release|Any CPU
		{E39690A1-A7E4-4429-8AE2-A01CC66CD701}.Release|Any CPU.Build.0 = Release|Any CPU
		{6C84E3A8-E3CB-4BEB-986A-00703BEAF7AB}.Debug|Any CPU.ActiveCfg = Debug|Any CPU
		{6C84E3A8-E3CB-4BEB-986A-00703BEAF7AB}.Debug|Any CPU.Build.0 = Debug|Any CPU
		{6C84E3A8-E3CB-4BEB-986A-00703BEAF7AB}.Release|Any CPU.ActiveCfg = Release|Any CPU
		{6C84E3A8-E3CB-4BEB-986A-00703BEAF7AB}.Release|Any CPU.Build.0 = Release|Any CPU
		{87F1BDA0-5265-4EA0-902C-3749C4BED1D5}.Debug|Any CPU.ActiveCfg = Debug|Any CPU
		{87F1BDA0-5265-4EA0-902C-3749C4BED1D5}.Debug|Any CPU.Build.0 = Debug|Any CPU
		{87F1BDA0-5265-4EA0-902C-3749C4BED1D5}.Release|Any CPU.ActiveCfg = Release|Any CPU
		{87F1BDA0-5265-4EA0-902C-3749C4BED1D5}.Release|Any CPU.Build.0 = Release|Any CPU
		{34F10DF8-9FCE-4527-9BC7-ECF13ABA9BC5}.Debug|Any CPU.ActiveCfg = Debug|Any CPU
		{34F10DF8-9FCE-4527-9BC7-ECF13ABA9BC5}.Debug|Any CPU.Build.0 = Debug|Any CPU
		{34F10DF8-9FCE-4527-9BC7-ECF13ABA9BC5}.Release|Any CPU.ActiveCfg = Release|Any CPU
		{34F10DF8-9FCE-4527-9BC7-ECF13ABA9BC5}.Release|Any CPU.Build.0 = Release|Any CPU
		{CD47B820-790E-4370-B139-8DD3310D6865}.Debug|Any CPU.ActiveCfg = Debug|Any CPU
		{CD47B820-790E-4370-B139-8DD3310D6865}.Debug|Any CPU.Build.0 = Debug|Any CPU
		{CD47B820-790E-4370-B139-8DD3310D6865}.Release|Any CPU.ActiveCfg = Release|Any CPU
		{CD47B820-790E-4370-B139-8DD3310D6865}.Release|Any CPU.Build.0 = Release|Any CPU
	EndGlobalSection
	GlobalSection(SolutionProperties) = preSolution
		HideSolutionNode = FALSE
	EndGlobalSection
	GlobalSection(ExtensibilityGlobals) = postSolution
		SolutionGuid = {01A569FB-FC2B-41A2-A6E3-BF4682CEDA25}
	EndGlobalSection
EndGlobal
